Microsoft Visual Studio Solution File, Format Version 8.00
Project("{F184B08F-C81C-45F6-A57F-5ABD9991F28F}") = "AutoUpdate", "AutoUpdate.vbproj", "{0C945CEF-C884-4CFA-8F70-13B537770896}"
	ProjectSection(ProjectDependencies) = postProject
	EndProjectSection
EndProject
Global
	GlobalSection(SolutionConfiguration) = preSolution
		Debug = Debug
		Release = Release
	EndGlobalSection
	GlobalSection(ProjectConfiguration) = postSolution
		{0C945CEF-C884-4CFA-8F70-13B537770896}.Debug.ActiveCfg = Debug|.NET
		{0C945CEF-C884-4CFA-8F70-13B537770896}.Debug.Build.0 = Debug|.NET
		{0C945CEF-C884-4CFA-8F70-13B537770896}.Release.ActiveCfg = Release|.NET
		{0C945CEF-C884-4CFA-8F70-13B537770896}.Release.Build.0 = Release|.NET
	EndGlobalSection
	GlobalSection(ExtensibilityGlobals) = postSolution
	EndGlobalSection
	GlobalSection(ExtensibilityAddIns) = postSolution
	EndGlobalSection
EndGlobal
